
Microsoft Visual Studio Solution File, Format Version 12.00
# Visual Studio Version 17
VisualStudioVersion = 17.2.32519.379
MinimumVisualStudioVersion = 10.0.40219.1
Project("{8BC9CEB8-8B4A-11D0-8D11-00A0C91BC942}") = "Parsing", "Parsing\Parsing.vcxproj", "{F9227F42-07E5-4C71-91CB-E31BC3A7D832}"
EndProject
Global
	GlobalSection(SolutionConfigurationPlatforms) = preSolution
		Debug|x64 = Debug|x64
		Debug|x86 = Debug|x86
		Release|x64 = Release|x64
		Release|x86 = Release|x86
	EndGlobalSection
	GlobalSection(ProjectConfigurationPlatforms) = postSolution
		{F9227F42-07E5-4C71-91CB-E31BC3A7D832}.Debug|x64.ActiveCfg = Debug|x64
		{F9227F42-07E5-4C71-91CB-E31BC3A7D832}.Debug|x64.Build.0 = Debug|x64
		{F9227F42-07E5-4C71-91CB-E31BC3A7D832}.Debug|x86.ActiveCfg = Debug|Win32
		{F9227F42-07E5-4C71-91CB-E31BC3A7D832}.Debug|x86.Build.0 = Debug|Win32
		{F9227F42-07E5-4C71-91CB-E31BC3A7D832}.Release|x64.ActiveCfg = Release|x64
		{F9227F42-07E5-4C71-91CB-E31BC3A7D832}.Release|x64.Build.0 = Release|x64
		{F9227F42-07E5-4C71-91CB-E31BC3A7D832}.Release|x86.ActiveCfg = Release|Win32
		{F9227F42-07E5-4C71-91CB-E31BC3A7D832}.Release|x86.Build.0 = Release|Win32
	EndGlobalSection
	GlobalSection(SolutionProperties) = preSolution
		HideSolutionNode = FALSE
	EndGlobalSection
	GlobalSection(ExtensibilityGlobals) = postSolution
		SolutionGuid = {AB6B804D-32BA-48E6-9704-65BFE33295B3}
	EndGlobalSection
EndGlobal
